
Microsoft Visual Studio Solution File, Format Version 12.00
# Visual Studio Version 17
VisualStudioVersion = 17.5.002.0
MinimumVisualStudioVersion = 10.0.40219.1
Project("{9A19103F-16F7-4668-BE54-9A1E7A4F7556}") = "SkipSplashScreen", "SkipSplashScreen.csproj", "{81F20AF4-7261-4141-A396-AA55A8695CAB}"
EndProject
Global
	GlobalSection(SolutionConfigurationPlatforms) = preSolution
		Debug|Any CPU = Debug|Any CPU
		Release|Any CPU = Release|Any CPU
	EndGlobalSection
	GlobalSection(ProjectConfigurationPlatforms) = postSolution
		{81F20AF4-7261-4141-A396-AA55A8695CAB}.Debug|Any CPU.ActiveCfg = Debug|Any CPU
		{81F20AF4-7261-4141-A396-AA55A8695CAB}.Debug|Any CPU.Build.0 = Debug|Any CPU
		{81F20AF4-7261-4141-A396-AA55A8695CAB}.Release|Any CPU.ActiveCfg = Release|Any CPU
		{81F20AF4-7261-4141-A396-AA55A8695CAB}.Release|Any CPU.Build.0 = Release|Any CPU
	EndGlobalSection
	GlobalSection(SolutionProperties) = preSolution
		HideSolutionNode = FALSE
	EndGlobalSection
	GlobalSection(ExtensibilityGlobals) = postSolution
		SolutionGuid = {C819709A-4D4C-4E15-8541-3BE21033D044}
	EndGlobalSection
EndGlobal
